
Microsoft Visual Studio Solution File, Format Version 12.00
# Visual Studio 15
VisualStudioVersion = 15.0.28010.2026
MinimumVisualStudioVersion = 10.0.40219.1
Project("{FAE04EC0-301F-11D3-BF4B-00C04F79EFBC}") = "Pattern3", "Pattern3\Pattern3.csproj", "{B1D96380-1590-4759-B08D-850CBB223797}"
EndProject
Global
	GlobalSection(SolutionConfigurationPlatforms) = preSolution
		Debug|Any CPU = Debug|Any CPU
		Release|Any CPU = Release|Any CPU
	EndGlobalSection
	GlobalSection(ProjectConfigurationPlatforms) = postSolution
		{B1D96380-1590-4759-B08D-850CBB223797}.Debug|Any CPU.ActiveCfg = Debug|Any CPU
		{B1D96380-1590-4759-B08D-850CBB223797}.Debug|Any CPU.Build.0 = Debug|Any CPU
		{B1D96380-1590-4759-B08D-850CBB223797}.Release|Any CPU.ActiveCfg = Release|Any CPU
		{B1D96380-1590-4759-B08D-850CBB223797}.Release|Any CPU.Build.0 = Release|Any CPU
	EndGlobalSection
	GlobalSection(SolutionProperties) = preSolution
		HideSolutionNode = FALSE
	EndGlobalSection
	GlobalSection(ExtensibilityGlobals) = postSolution
		SolutionGuid = {2821B544-1329-433B-BCD5-1F0C9BFAC6BD}
	EndGlobalSection
EndGlobal
