
Microsoft Visual Studio Solution File, Format Version 12.00
# Visual Studio 15
VisualStudioVersion = 15.0.28010.2026
MinimumVisualStudioVersion = 10.0.40219.1
Project("{FAE04EC0-301F-11D3-BF4B-00C04F79EFBC}") = "Pattern7", "Pattern7\Pattern7.csproj", "{D4E53E78-BECB-4EFF-81C9-A2EC2A3BDDD9}"
EndProject
Global
	GlobalSection(SolutionConfigurationPlatforms) = preSolution
		Debug|Any CPU = Debug|Any CPU
		Release|Any CPU = Release|Any CPU
	EndGlobalSection
	GlobalSection(ProjectConfigurationPlatforms) = postSolution
		{D4E53E78-BECB-4EFF-81C9-A2EC2A3BDDD9}.Debug|Any CPU.ActiveCfg = Debug|Any CPU
		{D4E53E78-BECB-4EFF-81C9-A2EC2A3BDDD9}.Debug|Any CPU.Build.0 = Debug|Any CPU
		{D4E53E78-BECB-4EFF-81C9-A2EC2A3BDDD9}.Release|Any CPU.ActiveCfg = Release|Any CPU
		{D4E53E78-BECB-4EFF-81C9-A2EC2A3BDDD9}.Release|Any CPU.Build.0 = Release|Any CPU
	EndGlobalSection
	GlobalSection(SolutionProperties) = preSolution
		HideSolutionNode = FALSE
	EndGlobalSection
	GlobalSection(ExtensibilityGlobals) = postSolution
		SolutionGuid = {E4F45CB3-1D28-4728-AAA7-0ED20672F05A}
	EndGlobalSection
EndGlobal
